
Microsoft Visual Studio Solution File, Format Version 12.00
# Visual Studio 15
VisualStudioVersion = 15.0.26430.16
MinimumVisualStudioVersion = 10.0.40219.1
Project("{FAE04EC0-301F-11D3-BF4B-00C04F79EFBC}") = "VanillaPowerExpanded", "VanillaPowerExpanded\VanillaPowerExpanded.csproj", "{20DEFB46-DC5F-4552-8603-60312B51FA73}"
EndProject
Global
	GlobalSection(SolutionConfigurationPlatforms) = preSolution
		Debug|Any CPU = Debug|Any CPU
		Release|Any CPU = Release|Any CPU
	EndGlobalSection
	GlobalSection(ProjectConfigurationPlatforms) = postSolution
		{20DEFB46-DC5F-4552-8603-60312B51FA73}.Debug|Any CPU.ActiveCfg = Debug|Any CPU
		{20DEFB46-DC5F-4552-8603-60312B51FA73}.Debug|Any CPU.Build.0 = Debug|Any CPU
		{20DEFB46-DC5F-4552-8603-60312B51FA73}.Release|Any CPU.ActiveCfg = Release|Any CPU
		{20DEFB46-DC5F-4552-8603-60312B51FA73}.Release|Any CPU.Build.0 = Release|Any CPU
	EndGlobalSection
	GlobalSection(SolutionProperties) = preSolution
		HideSolutionNode = FALSE
	EndGlobalSection
	GlobalSection(ExtensibilityGlobals) = postSolution
		SolutionGuid = {24EC0DEF-C2A6-4DA6-ADC1-6A580B03BB25}
	EndGlobalSection
EndGlobal
